
Microsoft Visual Studio Solution File, Format Version 12.00
# Visual Studio 2013
VisualStudioVersion = 12.0.21005.1
MinimumVisualStudioVersion = 10.0.40219.1
Project("{FAE04EC0-301F-11D3-BF4B-00C04F79EFBC}") = "QUANLYNHANSU", "GUI_Quanlydetai\QUANLYNHANSU.csproj", "{7B7A30E1-0AA9-4567-B191-58C718ECCC8F}"
EndProject
Project("{FAE04EC0-301F-11D3-BF4B-00C04F79EFBC}") = "DTO", "DTO\DTO.csproj", "{69F159BE-3CCD-4816-B388-05CC36FF28B8}"
EndProject
Project("{FAE04EC0-301F-11D3-BF4B-00C04F79EFBC}") = "DAO", "DAO\DAO.csproj", "{A98B24DF-9751-4749-8856-7C8539B37957}"
EndProject
Project("{FAE04EC0-301F-11D3-BF4B-00C04F79EFBC}") = "BUS", "BUS\BUS.csproj", "{F56B86B9-392B-45B0-A8A5-C3A0C903CCD8}"
EndProject
Global
	GlobalSection(SolutionConfigurationPlatforms) = preSolution
		Debug|Any CPU = Debug|Any CPU
		Release|Any CPU = Release|Any CPU
	EndGlobalSection
	GlobalSection(ProjectConfigurationPlatforms) = postSolution
		{7B7A30E1-0AA9-4567-B191-58C718ECCC8F}.Debug|Any CPU.ActiveCfg = Debug|Any CPU
		{7B7A30E1-0AA9-4567-B191-58C718ECCC8F}.Debug|Any CPU.Build.0 = Debug|Any CPU
		{7B7A30E1-0AA9-4567-B191-58C718ECCC8F}.Release|Any CPU.ActiveCfg = Release|Any CPU
		{7B7A30E1-0AA9-4567-B191-58C718ECCC8F}.Release|Any CPU.Build.0 = Release|Any CPU
		{69F159BE-3CCD-4816-B388-05CC36FF28B8}.Debug|Any CPU.ActiveCfg = Debug|Any CPU
		{69F159BE-3CCD-4816-B388-05CC36FF28B8}.Debug|Any CPU.Build.0 = Debug|Any CPU
		{69F159BE-3CCD-4816-B388-05CC36FF28B8}.Release|Any CPU.ActiveCfg = Release|Any CPU
		{69F159BE-3CCD-4816-B388-05CC36FF28B8}.Release|Any CPU.Build.0 = Release|Any CPU
		{A98B24DF-9751-4749-8856-7C8539B37957}.Debug|Any CPU.ActiveCfg = Debug|Any CPU
		{A98B24DF-9751-4749-8856-7C8539B37957}.Debug|Any CPU.Build.0 = Debug|Any CPU
		{A98B24DF-9751-4749-8856-7C8539B37957}.Release|Any CPU.ActiveCfg = Release|Any CPU
		{A98B24DF-9751-4749-8856-7C8539B37957}.Release|Any CPU.Build.0 = Release|Any CPU
		{F56B86B9-392B-45B0-A8A5-C3A0C903CCD8}.Debug|Any CPU.ActiveCfg = Debug|Any CPU
		{F56B86B9-392B-45B0-A8A5-C3A0C903CCD8}.Debug|Any CPU.Build.0 = Debug|Any CPU
		{F56B86B9-392B-45B0-A8A5-C3A0C903CCD8}.Release|Any CPU.ActiveCfg = Release|Any CPU
		{F56B86B9-392B-45B0-A8A5-C3A0C903CCD8}.Release|Any CPU.Build.0 = Release|Any CPU
	EndGlobalSection
	GlobalSection(SolutionProperties) = preSolution
		HideSolutionNode = FALSE
	EndGlobalSection
EndGlobal
